{
  "name": "nodejs",
  "version": "1.0.0",
  "lockfileVersion": 1,
  "requires": true,
  "dependencies": {
    "templ8m8s": {
      "version": "1.0.5",
      "resolved": "https://registry.npm.taobao.org/templ8m8s/download/templ8m8s-1.0.5.tgz",
      "integrity": "sha1-KMmWAe3Pl5TsM55LcW9hljKu9XE=",
      "dev": true
    }
  }
}
